
Microsoft Visual Studio Solution File, Format Version 12.00
# Visual Studio 15
VisualStudioVersion = 15.0.27703.2026
MinimumVisualStudioVersion = 10.0.40219.1
Project("{FAE04EC0-301F-11D3-BF4B-00C04F79EFBC}") = "TSP", "TSP\TSP.csproj", "{8BA16D92-7556-41D0-B87A-CCCD87591123}"
EndProject
Global
	GlobalSection(SolutionConfigurationPlatforms) = preSolution
		Debug|Any CPU = Debug|Any CPU
		Release|Any CPU = Release|Any CPU
	EndGlobalSection
	GlobalSection(ProjectConfigurationPlatforms) = postSolution
		{8BA16D92-7556-41D0-B87A-CCCD87591123}.Debug|Any CPU.ActiveCfg = Debug|Any CPU
		{8BA16D92-7556-41D0-B87A-CCCD87591123}.Debug|Any CPU.Build.0 = Debug|Any CPU
		{8BA16D92-7556-41D0-B87A-CCCD87591123}.Release|Any CPU.ActiveCfg = Release|Any CPU
		{8BA16D92-7556-41D0-B87A-CCCD87591123}.Release|Any CPU.Build.0 = Release|Any CPU
	EndGlobalSection
	GlobalSection(SolutionProperties) = preSolution
		HideSolutionNode = FALSE
	EndGlobalSection
	GlobalSection(ExtensibilityGlobals) = postSolution
		SolutionGuid = {19BDC2C7-3F73-4D4A-A01A-BC4A1BDD15BD}
	EndGlobalSection
EndGlobal
